{
  "name": "Vehicle-service-and-agro-machinery-management-system",
  "lockfileVersion": 3,
  "requires": true,
  "packages": {
    "": {
      "dependencies": {
        "react-bootstrap-accordion": "^1.0.0"
      }
    },
    "node_modules/react-bootstrap-accordion": {
      "version": "1.0.0",
      "resolved": "https://registry.npmjs.org/react-bootstrap-accordion/-/react-bootstrap-accordion-1.0.0.tgz",
      "integrity": "sha512-M5EDHXRLCjooKdLGMpTzsRS60+vE7g/Ass41zSy2IrlcgKrc0OkzaQRP7pM/8D8vfdGPE1A36JgWQCV2KjPdYA==",
      "engines": {
        "node": ">=12"
      },
      "peerDependencies": {
        "react": ">=16.8.0",
        "react-dom": ">=16.8.0"
      }
    }
  }
}
